// !$*UTF8*$!
{
	archiveVersion = 1;
	classes = {
	};
	objectVersion = 50;
	objects = {

/* Begin PBXBuildFile section */
		F9D7D4C025488CF300B2BE56 /* AppDelegate.swift in Sources */ = {isa = PBXBuildFile; fileRef = F9D7D4BF25488CF300B2BE56 /* AppDelegate.swift */; };
		F9D7D4C225488CF300B2BE56 /* SceneDelegate.swift in Sources */ = {isa = PBXBuildFile; fileRef = F9D7D4C125488CF300B2BE56 /* SceneDelegate.swift */; };
		F9D7D4C425488CF300B2BE56 /* ViewController.swift in Sources */ = {isa = PBXBuildFile; fileRef = F9D7D4C325488CF300B2BE56 /* ViewController.swift */; };
		F9D7D4C725488CF300B2BE56 /* Main.storyboard in Resources */ = {isa = PBXBuildFile; fileRef = F9D7D4C525488CF300B2BE56 /* Main.storyboard */; };
		F9D7D4C925488CF800B2BE56 /* Assets.xcassets in Resources */ = {isa = PBXBuildFile; fileRef = F9D7D4C825488CF800B2BE56 /* Assets.xcassets */; };
		F9D7D4CC25488CF800B2BE56 /* LaunchScreen.storyboard in Resources */ = {isa = PBXBuildFile; fileRef = F9D7D4CA25488CF800B2BE56 /* LaunchScreen.storyboard */; };
		F9D7D4D725488CF900B2BE56 /* SnacktacularTests.swift in Sources */ = {isa = PBXBuildFile; fileRef = F9D7D4D625488CF900B2BE56 /* SnacktacularTests.swift */; };
		F9D7D4E225488CF900B2BE56 /* SnacktacularUITests.swift in Sources */ = {isa = PBXBuildFile; fileRef = F9D7D4E125488CF900B2BE56 /* SnacktacularUITests.swift */; };
/* End PBXBuildFile section */

/* Begin PBXContainerItemProxy section */
		F9D7D4D325488CF900B2BE56 /* PBXContainerItemProxy */ = {
			isa = PBXContainerItemProxy;
			containerPortal = F9D7D4B425488CF300B2BE56 /* Project object */;
			proxyType = 1;
			remoteGlobalIDString = F9D7D4BB25488CF300B2BE56;
			remoteInfo = Snacktacular;
		};
		F9D7D4DE25488CF900B2BE56 /* PBXContainerItemProxy */ = {
			isa = PBXContainerItemProxy;
			containerPortal = F9D7D4B425488CF300B2BE56 /* Project object */;
			proxyType = 1;
			remoteGlobalIDString = F9D7D4BB25488CF300B2BE56;
			remoteInfo = Snacktacular;
		};
/* End PBXContainerItemProxy section */

/* Begin PBXFileReference section */
		F9D7D4BC25488CF300B2BE56 /* Snacktacular.app */ = {isa = PBXFileReference; explicitFileType = wrapper.application; includeInIndex = 0; path = Snacktacular.app; sourceTree = BUILT_PRODUCTS_DIR; };
		F9D7D4BF25488CF300B2BE56 /* AppDelegate.swift */ = {isa = PBXFileReference; lastKnownFileType = sourcecode.swift; path = AppDelegate.swift; sourceTree = "<group>"; };
		F9D7D4C125488CF300B2BE56 /* SceneDelegate.swift */ = {isa = PBXFileReference; lastKnownFileType = sourcecode.swift; path = SceneDelegate.swift; sourceTree = "<group>"; };
		F9D7D4C325488CF300B2BE56 /* ViewController.swift */ = {isa = PBXFileReference; lastKnownFileType = sourcecode.swift; path = ViewController.swift; sourceTree = "<group>"; };
		F9D7D4C625488CF300B2BE56 /* Base */ = {isa = PBXFileReference; lastKnownFileType = file.storyboard; name = Base; path = Base.lproj/Main.storyboard; sourceTree = "<group>"; };
		F9D7D4C825488CF800B2BE56 /* Assets.xcassets */ = {isa = PBXFileReference; lastKnownFileType = folder.assetcatalog; path = Assets.xcassets; sourceTree = "<group>"; };
		F9D7D4CB25488CF800B2BE56 /* Base */ = {isa = PBXFileReference; lastKnownFileType = file.storyboard; name = Base; path = Base.lproj/LaunchScreen.storyboard; sourceTree = "<group>"; };
		F9D7D4CD25488CF800B2BE56 /* Info.plist */ = {isa = PBXFileReference; lastKnownFileType = text.plist.xml; path = Info.plist; sourceTree = "<group>"; };
		F9D7D4D225488CF900B2BE56 /* SnacktacularTests.xctest */ = {isa = PBXFileReference; explicitFileType = wrapper.cfbundle; includeInIndex = 0; path = SnacktacularTests.xctest; sourceTree = BUILT_PRODUCTS_DIR; };
		F9D7D4D625488CF900B2BE56 /* SnacktacularTests.swift */ = {isa = PBXFileReference; lastKnownFileType = sourcecode.swift; path = SnacktacularTests.swift; sourceTree = "<group>"; };
		F9D7D4D825488CF900B2BE56 /* Info.plist */ = {isa = PBXFileReference; lastKnownFileType = text.plist.xml; path = Info.plist; sourceTree = "<group>"; };
		F9D7D4DD25488CF900B2BE56 /* SnacktacularUITests.xctest */ = {isa = PBXFileReference; explicitFileType = wrapper.cfbundle; includeInIndex = 0; path = SnacktacularUITests.xctest; sourceTree = BUILT_PRODUCTS_DIR; };
		F9D7D4E125488CF900B2BE56 /* SnacktacularUITests.swift */ = {isa = PBXFileReference; lastKnownFileType = sourcecode.swift; path = SnacktacularUITests.swift; sourceTree = "<group>"; };
		F9D7D4E325488CF900B2BE56 /* Info.plist */ = {isa = PBXFileReference; lastKnownFileType = text.plist.xml; path = Info.plist; sourceTree = "<group>"; };
/* End PBXFileReference section */

/* Begin PBXFrameworksBuildPhase section */
		F9D7D4B925488CF300B2BE56 /* Frameworks */ = {
			isa = PBXFrameworksBuildPhase;
			buildActionMask = 2147483647;
			files = (
			);
			runOnlyForDeploymentPostprocessing = 0;
		};
		F9D7D4CF25488CF900B2BE56 /* Frameworks */ = {
			isa = PBXFrameworksBuildPhase;
			buildActionMask = 2147483647;
			files = (
			);
			runOnlyForDeploymentPostprocessing = 0;
		};
		F9D7D4DA25488CF900B2BE56 /* Frameworks */ = {
			isa = PBXFrameworksBuildPhase;
			buildActionMask = 2147483647;
			files = (
			);
			runOnlyForDeploymentPostprocessing = 0;
		};
/* End PBXFrameworksBuildPhase section */

/* Begin PBXGroup section */
		F9D7D4B325488CF300B2BE56 = {
			isa = PBXGroup;
			children = (
				F9D7D4BE25488CF300B2BE56 /* Snacktacular */,
				F9D7D4D525488CF900B2BE56 /* SnacktacularTests */,
				F9D7D4E025488CF900B2BE56 /* SnacktacularUITests */,
				F9D7D4BD25488CF300B2BE56 /* Products */,
			);
			sourceTree = "<group>";
		};
		F9D7D4BD25488CF300B2BE56 /* Products */ = {
			isa = PBXGroup;
			children = (
				F9D7D4BC25488CF300B2BE56 /* Snacktacular.app */,
				F9D7D4D225488CF900B2BE56 /* SnacktacularTests.xctest */,
				F9D7D4DD25488CF900B2BE56 /* SnacktacularUITests.xctest */,
			);
			name = Products;
			sourceTree = "<group>";
		};
		F9D7D4BE25488CF300B2BE56 /* Snacktacular */ = {
			isa = PBXGroup;
			children = (
				F9D7D4BF25488CF300B2BE56 /* AppDelegate.swift */,
				F9D7D4C125488CF300B2BE56 /* SceneDelegate.swift */,
				F9D7D4C325488CF300B2BE56 /* ViewController.swift */,
				F9D7D4C525488CF300B2BE56 /* Main.storyboard */,
				F9D7D4C825488CF800B2BE56 /* Assets.xcassets */,
				F9D7D4CA25488CF800B2BE56 /* LaunchScreen.storyboard */,
				F9D7D4CD25488CF800B2BE56 /* Info.plist */,
			);
			path = Snacktacular;
			sourceTree = "<group>";
		};
		F9D7D4D525488CF900B2BE56 /* SnacktacularTests */ = {
			isa = PBXGroup;
			children = (
				F9D7D4D625488CF900B2BE56 /* SnacktacularTests.swift */,
				F9D7D4D825488CF900B2BE56 /* Info.plist */,
			);
			path = SnacktacularTests;
			sourceTree = "<group>";
		};
		F9D7D4E025488CF900B2BE56 /* SnacktacularUITests */ = {
			isa = PBXGroup;
			children = (
				F9D7D4E125488CF900B2BE56 /* SnacktacularUITests.swift */,
				F9D7D4E325488CF900B2BE56 /* Info.plist */,
			);
			path = SnacktacularUITests;
			sourceTree = "<group>";
		};
/* End PBXGroup section */

/* Begin PBXNativeTarget section */
		F9D7D4BB25488CF300B2BE56 /* Snacktacular */ = {
			isa = PBXNativeTarget;
			buildConfigurationList = F9D7D4E625488CF900B2BE56 /* Build configuration list for PBXNativeTarget "Snacktacular" */;
			buildPhases = (
				F9D7D4B825488CF300B2BE56 /* Sources */,
				F9D7D4B925488CF300B2BE56 /* Frameworks */,
				F9D7D4BA25488CF300B2BE56 /* Resources */,
			);
			buildRules = (
			);
			dependencies = (
			);
			name = Snacktacular;
			productName = Snacktacular;
			productReference = F9D7D4BC25488CF300B2BE56 /* Snacktacular.app */;
			productType = "com.apple.product-type.application";
		};
		F9D7D4D125488CF900B2BE56 /* SnacktacularTests */ = {
			isa = PBXNativeTarget;
			buildConfigurationList = F9D7D4E925488CF900B2BE56 /* Build configuration list for PBXNativeTarget "SnacktacularTests" */;
			buildPhases = (
				F9D7D4CE25488CF900B2BE56 /* Sources */,
				F9D7D4CF25488CF900B2BE56 /* Frameworks */,
				F9D7D4D025488CF900B2BE56 /* Resources */,
			);
			buildRules = (
			);
			dependencies = (
				F9D7D4D425488CF900B2BE56 /* PBXTargetDependency */,
			);
			name = SnacktacularTests;
			productName = SnacktacularTests;
			productReference = F9D7D4D225488CF900B2BE56 /* SnacktacularTests.xctest */;
			productType = "com.apple.product-type.bundle.unit-test";
		};
		F9D7D4DC25488CF900B2BE56 /* SnacktacularUITests */ = {
			isa = PBXNativeTarget;
			buildConfigurationList = F9D7D4EC25488CF900B2BE56 /* Build configuration list for PBXNativeTarget "SnacktacularUITests" */;
			buildPhases = (
				F9D7D4D925488CF900B2BE56 /* Sources */,
				F9D7D4DA25488CF900B2BE56 /* Frameworks */,
				F9D7D4DB25488CF900B2BE56 /* Resources */,
			);
			buildRules = (
			);
			dependencies = (
				F9D7D4DF25488CF900B2BE56 /* PBXTargetDependency */,
			);
			name = SnacktacularUITests;
			productName = SnacktacularUITests;
			productReference = F9D7D4DD25488CF900B2BE56 /* SnacktacularUITests.xctest */;
			productType = "com.apple.product-type.bundle.ui-testing";
		};
/* End PBXNativeTarget section */

/* Begin PBXProject section */
		F9D7D4B425488CF300B2BE56 /* Project object */ = {
			isa = PBXProject;
			attributes = {
				LastSwiftUpdateCheck = 1200;
				LastUpgradeCheck = 1200;
				TargetAttributes = {
					F9D7D4BB25488CF300B2BE56 = {
						CreatedOnToolsVersion = 12.0.1;
					};
					F9D7D4D125488CF900B2BE56 = {
						CreatedOnToolsVersion = 12.0.1;
						TestTargetID = F9D7D4BB25488CF300B2BE56;
					};
					F9D7D4DC25488CF900B2BE56 = {
						CreatedOnToolsVersion = 12.0.1;
						TestTargetID = F9D7D4BB25488CF300B2BE56;
					};
				};
			};
			buildConfigurationList = F9D7D4B725488CF300B2BE56 /* Build configuration list for PBXProject "Snacktacular" */;
			compatibilityVersion = "Xcode 9.3";
			developmentRegion = en;
			hasScannedForEncodings = 0;
			knownRegions = (
				en,
				Base,
			);
			mainGroup = F9D7D4B325488CF300B2BE56;
			productRefGroup = F9D7D4BD25488CF300B2BE56 /* Products */;
			projectDirPath = "";
			projectRoot = "";
			targets = (
				F9D7D4BB25488CF300B2BE56 /* Snacktacular */,
				F9D7D4D125488CF900B2BE56 /* SnacktacularTests */,
				F9D7D4DC25488CF900B2BE56 /* SnacktacularUITests */,
			);
		};
/* End PBXProject section */

/* Begin PBXResourcesBuildPhase section */
		F9D7D4BA25488CF300B2BE56 /* Resources */ = {
			isa = PBXResourcesBuildPhase;
			buildActionMask = 2147483647;
			files = (
				F9D7D4CC25488CF800B2BE56 /* LaunchScreen.storyboard in Resources */,
				F9D7D4C925488CF800B2BE56 /* Assets.xcassets in Resources */,
				F9D7D4C725488CF300B2BE56 /* Main.storyboard in Resources */,
			);
			runOnlyForDeploymentPostprocessing = 0;
		};
		F9D7D4D025488CF900B2BE56 /* Resources */ = {
			isa = PBXResourcesBuildPhase;
			buildActionMask = 2147483647;
			files = (
			);
			runOnlyForDeploymentPostprocessing = 0;
		};
		F9D7D4DB25488CF900B2BE56 /* Resources */ = {
			isa = PBXResourcesBuildPhase;
			buildActionMask = 2147483647;
			files = (
			);
			runOnlyForDeploymentPostprocessing = 0;
		};
/* End PBXResourcesBuildPhase section */

/* Begin PBXSourcesBuildPhase section */
		F9D7D4B825488CF300B2BE56 /* Sources */ = {
			isa = PBXSourcesBuildPhase;
			buildActionMask = 2147483647;
			files = (
				F9D7D4C425488CF300B2BE56 /* ViewController.swift in Sources */,
				F9D7D4C025488CF300B2BE56 /* AppDelegate.swift in Sources */,
				F9D7D4C225488CF300B2BE56 /* SceneDelegate.swift in Sources */,
			);
			runOnlyForDeploymentPostprocessing = 0;
		};
		F9D7D4CE25488CF900B2BE56 /* Sources */ = {
			isa = PBXSourcesBuildPhase;
			buildActionMask = 2147483647;
			files = (
				F9D7D4D725488CF900B2BE56 /* SnacktacularTests.swift in Sources */,
			);
			runOnlyForDeploymentPostprocessing = 0;
		};
		F9D7D4D925488CF900B2BE56 /* Sources */ = {
			isa = PBXSourcesBuildPhase;
			buildActionMask = 2147483647;
			files = (
				F9D7D4E225488CF900B2BE56 /* SnacktacularUITests.swift in Sources */,
			);
			runOnlyForDeploymentPostprocessing = 0;
		};
/* End PBXSourcesBuildPhase section */

/* Begin PBXTargetDependency section */
		F9D7D4D425488CF900B2BE56 /* PBXTargetDependency */ = {
			isa = PBXTargetDependency;
			target = F9D7D4BB25488CF300B2BE56 /* Snacktacular */;
			targetProxy = F9D7D4D325488CF900B2BE56 /* PBXContainerItemProxy */;
		};
		F9D7D4DF25488CF900B2BE56 /* PBXTargetDependency */ = {
			isa = PBXTargetDependency;
			target = F9D7D4BB25488CF300B2BE56 /* Snacktacular */;
			targetProxy = F9D7D4DE25488CF900B2BE56 /* PBXContainerItemProxy */;
		};
/* End PBXTargetDependency section */

/* Begin PBXVariantGroup section */
		F9D7D4C525488CF300B2BE56 /* Main.storyboard */ = {
			isa = PBXVariantGroup;
			children = (
				F9D7D4C625488CF300B2BE56 /* Base */,
			);
			name = Main.storyboard;
			sourceTree = "<group>";
		};
		F9D7D4CA25488CF800B2BE56 /* LaunchScreen.storyboard */ = {
			isa = PBXVariantGroup;
			children = (
				F9D7D4CB25488CF800B2BE56 /* Base */,
			);
			name = LaunchScreen.storyboard;
			sourceTree = "<group>";
		};
/* End PBXVariantGroup section */

/* Begin XCBuildConfiguration section */
		F9D7D4E425488CF900B2BE56 /* Debug */ = {
			isa = XCBuildConfiguration;
			buildSettings = {
				ALWAYS_SEARCH_USER_PATHS = NO;
				CLANG_ANALYZER_NONNULL = YES;
				CLANG_ANALYZER_NUMBER_OBJECT_CONVERSION = YES_AGGRESSIVE;
				CLANG_CXX_LANGUAGE_STANDARD = "gnu++14";
				CLANG_CXX_LIBRARY = "libc++";
				CLANG_ENABLE_MODULES = YES;
				CLANG_ENABLE_OBJC_ARC = YES;
				CLANG_ENABLE_OBJC_WEAK = YES;
				CLANG_WARN_BLOCK_CAPTURE_AUTORELEASING = YES;
				CLANG_WARN_BOOL_CONVERSION = YES;
				CLANG_WARN_COMMA = YES;
				CLANG_WARN_CONSTANT_CONVERSION = YES;
				CLANG_WARN_DEPRECATED_OBJC_IMPLEMENTATIONS = YES;
				CLANG_WARN_DIRECT_OBJC_ISA_USAGE = YES_ERROR;
				CLANG_WARN_DOCUMENTATION_COMMENTS = YES;
				CLANG_WARN_EMPTY_BODY = YES;
				CLANG_WARN_ENUM_CONVERSION = YES;
				CLANG_WARN_INFINITE_RECURSION = YES;
				CLANG_WARN_INT_CONVERSION = YES;
				CLANG_WARN_NON_LITERAL_NULL_CONVERSION = YES;
				CLANG_WARN_OBJC_IMPLICIT_RETAIN_SELF = YES;
				CLANG_WARN_OBJC_LITERAL_CONVERSION = YES;
				CLANG_WARN_OBJC_ROOT_CLASS = YES_ERROR;
				CLANG_WARN_QUOTED_INCLUDE_IN_FRAMEWORK_HEADER = YES;
				CLANG_WARN_RANGE_LOOP_ANALYSIS = YES;
				CLANG_WARN_STRICT_PROTOTYPES = YES;
				CLANG_WARN_SUSPICIOUS_MOVE = YES;
				CLANG_WARN_UNGUARDED_AVAILABILITY = YES_AGGRESSIVE;
				CLANG_WARN_UNREACHABLE_CODE = YES;
				CLANG_WARN__DUPLICATE_METHOD_MATCH = YES;
				COPY_PHASE_STRIP = NO;
				DEBUG_INFORMATION_FORMAT = dwarf;
				ENABLE_STRICT_OBJC_MSGSEND = YES;
				ENABLE_TESTABILITY = YES;
				GCC_C_LANGUAGE_STANDARD = gnu11;
				GCC_DYNAMIC_NO_PIC = NO;
				GCC_NO_COMMON_BLOCKS = YES;
				GCC_OPTIMIZATION_LEVEL = 0;
				GCC_PREPROCESSOR_DEFINITIONS = (
					"DEBUG=1",
					"$(inherited)",
				);
				GCC_WARN_64_TO_32_BIT_CONVERSION = YES;
				GCC_WARN_ABOUT_RETURN_TYPE = YES_ERROR;
				GCC_WARN_UNDECLARED_SELECTOR = YES;
				GCC_WARN_UNINITIALIZED_AUTOS = YES_AGGRESSIVE;
				GCC_WARN_UNUSED_FUNCTION = YES;
				GCC_WARN_UNUSED_VARIABLE = YES;
				IPHONEOS_DEPLOYMENT_TARGET = 14.0;
				MTL_ENABLE_DEBUG_INFO = INCLUDE_SOURCE;
				MTL_FAST_MATH = YES;
				ONLY_ACTIVE_ARCH = YES;
				SDKROOT = iphoneos;
				SWIFT_ACTIVE_COMPILATION_CONDITIONS = DEBUG;
				SWIFT_OPTIMIZATION_LEVEL = "-Onone";
			};
			name = Debug;
		};
		F9D7D4E525488CF900B2BE56 /* Release */ = {
			isa = XCBuildConfiguration;
			buildSettings = {
				ALWAYS_SEARCH_USER_PATHS = NO;
				CLANG_ANALYZER_NONNULL = YES;
				CLANG_ANALYZER_NUMBER_OBJECT_CONVERSION = YES_AGGRESSIVE;
				CLANG_CXX_LANGUAGE_STANDARD = "gnu++14";
				CLANG_CXX_LIBRARY = "libc++";
				CLANG_ENABLE_MODULES = YES;
				CLANG_ENABLE_OBJC_ARC = YES;
				CLANG_ENABLE_OBJC_WEAK = YES;
				CLANG_WARN_BLOCK_CAPTURE_AUTORELEASING = YES;
				CLANG_WARN_BOOL_CONVERSION = YES;
				CLANG_WARN_COMMA = YES;
				CLANG_WARN_CONSTANT_CONVERSION = YES;
				CLANG_WARN_DEPRECATED_OBJC_IMPLEMENTATIONS = YES;
				CLANG_WARN_DIRECT_OBJC_ISA_USAGE = YES_ERROR;
				CLANG_WARN_DOCUMENTATION_COMMENTS = YES;
				CLANG_WARN_EMPTY_BODY = YES;
				CLANG_WARN_ENUM_CONVERSION = YES;
				CLANG_WARN_INFINITE_RECURSION = YES;
				CLANG_WARN_INT_CONVERSION = YES;
				CLANG_WARN_NON_LITERAL_NULL_CONVERSION = YES;
				CLANG_WARN_OBJC_IMPLICIT_RETAIN_SELF = YES;
				CLANG_WARN_OBJC_LITERAL_CONVERSION = YES;
				CLANG_WARN_OBJC_ROOT_CLASS = YES_ERROR;
				CLANG_WARN_QUOTED_INCLUDE_IN_FRAMEWORK_HEADER = YES;
				CLANG_WARN_RANGE_LOOP_ANALYSIS = YES;
				CLANG_WARN_STRICT_PROTOTYPES = YES;
				CLANG_WARN_SUSPICIOUS_MOVE = YES;
				CLANG_WARN_UNGUARDED_AVAILABILITY = YES_AGGRESSIVE;
				CLANG_WARN_UNREACHABLE_CODE = YES;
				CLANG_WARN__DUPLICATE_METHOD_MATCH = YES;
				COPY_PHASE_STRIP = NO;
				DEBUG_INFORMATION_FORMAT = "dwarf-with-dsym";
				ENABLE_NS_ASSERTIONS = NO;
				ENABLE_STRICT_OBJC_MSGSEND = YES;
				GCC_C_LANGUAGE_STANDARD = gnu11;
				GCC_NO_COMMON_BLOCKS = YES;
				GCC_WARN_64_TO_32_BIT_CONVERSION = YES;
				GCC_WARN_ABOUT_RETURN_TYPE = YES_ERROR;
				GCC_WARN_UNDECLARED_SELECTOR = YES;
				GCC_WARN_UNINITIALIZED_AUTOS = YES_AGGRESSIVE;
				GCC_WARN_UNUSED_FUNCTION = YES;
				GCC_WARN_UNUSED_VARIABLE = YES;
				IPHONEOS_DEPLOYMENT_TARGET = 14.0;
				MTL_ENABLE_DEBUG_INFO = NO;
				MTL_FAST_MATH = YES;
				SDKROOT = iphoneos;
				SWIFT_COMPILATION_MODE = wholemodule;
				SWIFT_OPTIMIZATION_LEVEL = "-O";
				VALIDATE_PRODUCT = YES;
			};
			name = Release;
		};
		F9D7D4E725488CF900B2BE56 /* Debug */ = {
			isa = XCBuildConfiguration;
			buildSettings = {
				ASSETCATALOG_COMPILER_APPICON_NAME = AppIcon;
				ASSETCATALOG_COMPILER_GLOBAL_ACCENT_COLOR_NAME = AccentColor;
				CODE_SIGN_STYLE = Automatic;
				DEVELOPMENT_TEAM = WP46NL24DB;
				INFOPLIST_FILE = Snacktacular/Info.plist;
				LD_RUNPATH_SEARCH_PATHS = (
					"$(inherited)",
					"@executable_path/Frameworks",
				);
				PRODUCT_BUNDLE_IDENTIFIER = com.golden.Snacktacular;
				PRODUCT_NAME = "$(TARGET_NAME)";
				SWIFT_VERSION = 5.0;
				TARGETED_DEVICE_FAMILY = "1,2";
			};
			name = Debug;
		};
		F9D7D4E825488CF900B2BE56 /* Release */ = {
			isa = XCBuildConfiguration;
			buildSettings = {
				ASSETCATALOG_COMPILER_APPICON_NAME = AppIcon;
				ASSETCATALOG_COMPILER_GLOBAL_ACCENT_COLOR_NAME = AccentColor;
				CODE_SIGN_STYLE = Automatic;
				DEVELOPMENT_TEAM = WP46NL24DB;
				INFOPLIST_FILE = Snacktacular/Info.plist;
				LD_RUNPATH_SEARCH_PATHS = (
					"$(inherited)",
					"@executable_path/Frameworks",
				);
				PRODUCT_BUNDLE_IDENTIFIER = com.golden.Snacktacular;
				PRODUCT_NAME = "$(TARGET_NAME)";
				SWIFT_VERSION = 5.0;
				TARGETED_DEVICE_FAMILY = "1,2";
			};
			name = Release;
		};
		F9D7D4EA25488CF900B2BE56 /* Debug */ = {
			isa = XCBuildConfiguration;
			buildSettings = {
				ALWAYS_EMBED_SWIFT_STANDARD_LIBRARIES = YES;
				BUNDLE_LOADER = "$(TEST_HOST)";
				CODE_SIGN_STYLE = Automatic;
				DEVELOPMENT_TEAM = WP46NL24DB;
				INFOPLIST_FILE = SnacktacularTests/Info.plist;
				IPHONEOS_DEPLOYMENT_TARGET = 14.0;
				LD_RUNPATH_SEARCH_PATHS = (
					"$(inherited)",
					"@executable_path/Frameworks",
					"@loader_path/Frameworks",
				);
				PRODUCT_BUNDLE_IDENTIFIER = com.golden.SnacktacularTests;
				PRODUCT_NAME = "$(TARGET_NAME)";
				SWIFT_VERSION = 5.0;
				TARGETED_DEVICE_FAMILY = "1,2";
				TEST_HOST = "$(BUILT_PRODUCTS_DIR)/Snacktacular.app/Snacktacular";
			};
			name = Debug;
		};
		F9D7D4EB25488CF900B2BE56 /* Release */ = {
			isa = XCBuildConfiguration;
			buildSettings = {
				ALWAYS_EMBED_SWIFT_STANDARD_LIBRARIES = YES;
				BUNDLE_LOADER = "$(TEST_HOST)";
				CODE_SIGN_STYLE = Automatic;
				DEVELOPMENT_TEAM = WP46NL24DB;
				INFOPLIST_FILE = SnacktacularTests/Info.plist;
				IPHONEOS_DEPLOYMENT_TARGET = 14.0;
				LD_RUNPATH_SEARCH_PATHS = (
					"$(inherited)",
					"@executable_path/Frameworks",
					"@loader_path/Frameworks",
				);
				PRODUCT_BUNDLE_IDENTIFIER = com.golden.SnacktacularTests;
				PRODUCT_NAME = "$(TARGET_NAME)";
				SWIFT_VERSION = 5.0;
				TARGETED_DEVICE_FAMILY = "1,2";
				TEST_HOST = "$(BUILT_PRODUCTS_DIR)/Snacktacular.app/Snacktacular";
			};
			name = Release;
		};
		F9D7D4ED25488CF900B2BE56 /* Debug */ = {
			isa = XCBuildConfiguration;
			buildSettings = {
				ALWAYS_EMBED_SWIFT_STANDARD_LIBRARIES = YES;
				CODE_SIGN_STYLE = Automatic;
				DEVELOPMENT_TEAM = WP46NL24DB;
				INFOPLIST_FILE = SnacktacularUITests/Info.plist;
				LD_RUNPATH_SEARCH_PATHS = (
					"$(inherited)",
					"@executable_path/Frameworks",
					"@loader_path/Frameworks",
				);
				PRODUCT_BUNDLE_IDENTIFIER = com.golden.SnacktacularUITests;
				PRODUCT_NAME = "$(TARGET_NAME)";
				SWIFT_VERSION = 5.0;
				TARGETED_DEVICE_FAMILY = "1,2";
				TEST_TARGET_NAME = Snacktacular;
			};
			name = Debug;
		};
		F9D7D4EE25488CF900B2BE56 /* Release */ = {
			isa = XCBuildConfiguration;
			buildSettings = {
				ALWAYS_EMBED_SWIFT_STANDARD_LIBRARIES = YES;
				CODE_SIGN_STYLE = Automatic;
				DEVELOPMENT_TEAM = WP46NL24DB;
				INFOPLIST_FILE = SnacktacularUITests/Info.plist;
				LD_RUNPATH_SEARCH_PATHS = (
					"$(inherited)",
					"@executable_path/Frameworks",
					"@loader_path/Frameworks",
				);
				PRODUCT_BUNDLE_IDENTIFIER = com.golden.SnacktacularUITests;
				PRODUCT_NAME = "$(TARGET_NAME)";
				SWIFT_VERSION = 5.0;
				TARGETED_DEVICE_FAMILY = "1,2";
				TEST_TARGET_NAME = Snacktacular;
			};
			name = Release;
		};
/* End XCBuildConfiguration section */

/* Begin XCConfigurationList section */
		F9D7D4B725488CF300B2BE56 /* Build configuration list for PBXProject "Snacktacular" */ = {
			isa = XCConfigurationList;
			buildConfigurations = (
				F9D7D4E425488CF900B2BE56 /* Debug */,
				F9D7D4E525488CF900B2BE56 /* Release */,
			);
			defaultConfigurationIsVisible = 0;
			defaultConfigurationName = Release;
		};
		F9D7D4E625488CF900B2BE56 /* Build configuration list for PBXNativeTarget "Snacktacular" */ = {
			isa = XCConfigurationList;
			buildConfigurations = (
				F9D7D4E725488CF900B2BE56 /* Debug */,
				F9D7D4E825488CF900B2BE56 /* Release */,
			);
			defaultConfigurationIsVisible = 0;
			defaultConfigurationName = Release;
		};
		F9D7D4E925488CF900B2BE56 /* Build configuration list for PBXNativeTarget "SnacktacularTests" */ = {
			isa = XCConfigurationList;
			buildConfigurations = (
				F9D7D4EA25488CF900B2BE56 /* Debug */,
				F9D7D4EB25488CF900B2BE56 /* Release */,
			);
			defaultConfigurationIsVisible = 0;
			defaultConfigurationName = Release;
		};
		F9D7D4EC25488CF900B2BE56 /* Build configuration list for PBXNativeTarget "SnacktacularUITests" */ = {
			isa = XCConfigurationList;
			buildConfigurations = (
				F9D7D4ED25488CF900B2BE56 /* Debug */,
				F9D7D4EE25488CF900B2BE56 /* Release */,
			);
			defaultConfigurationIsVisible = 0;
			defaultConfigurationName = Release;
		};
/* End XCConfigurationList section */
	};
	rootObject = F9D7D4B425488CF300B2BE56 /* Project object */;
}
